
Microsoft Visual Studio Solution File, Format Version 12.00
# Visual Studio 15
VisualStudioVersion = 15.0.28107.0
MinimumVisualStudioVersion = 10.0.40219.1
Project("{9A19103F-16F7-4668-BE54-9A1E7A4F7556}") = "InventoryManager", "InventoryManagerWeb\InventoryManager.csproj", "{0D038EB1-4EAB-41A7-9C2E-04F0C0B1C5C8}"
EndProject
Project("{9A19103F-16F7-4668-BE54-9A1E7A4F7556}") = "EventProcessor", "EventProcessor\EventProcessor.csproj", "{BE8E3EF4-677F-4449-94E5-AC83386B0F74}"
EndProject
Global
	GlobalSection(SolutionConfigurationPlatforms) = preSolution
		Debug|Any CPU = Debug|Any CPU
		Release|Any CPU = Release|Any CPU
	EndGlobalSection
	GlobalSection(ProjectConfigurationPlatforms) = postSolution
		{0D038EB1-4EAB-41A7-9C2E-04F0C0B1C5C8}.Debug|Any CPU.ActiveCfg = Debug|Any CPU
		{0D038EB1-4EAB-41A7-9C2E-04F0C0B1C5C8}.Debug|Any CPU.Build.0 = Debug|Any CPU
		{0D038EB1-4EAB-41A7-9C2E-04F0C0B1C5C8}.Release|Any CPU.ActiveCfg = Release|Any CPU
		{0D038EB1-4EAB-41A7-9C2E-04F0C0B1C5C8}.Release|Any CPU.Build.0 = Release|Any CPU
		{BE8E3EF4-677F-4449-94E5-AC83386B0F74}.Debug|Any CPU.ActiveCfg = Debug|Any CPU
		{BE8E3EF4-677F-4449-94E5-AC83386B0F74}.Debug|Any CPU.Build.0 = Debug|Any CPU
		{BE8E3EF4-677F-4449-94E5-AC83386B0F74}.Release|Any CPU.ActiveCfg = Release|Any CPU
		{BE8E3EF4-677F-4449-94E5-AC83386B0F74}.Release|Any CPU.Build.0 = Release|Any CPU
	EndGlobalSection
	GlobalSection(SolutionProperties) = preSolution
		HideSolutionNode = FALSE
	EndGlobalSection
	GlobalSection(ExtensibilityGlobals) = postSolution
		SolutionGuid = {A5C04AE5-1E82-403C-8996-2AFFC72CD205}
	EndGlobalSection
EndGlobal
